
Microsoft Visual Studio Solution File, Format Version 12.00
# Visual Studio 15
VisualStudioVersion = 15.0.27130.2027
MinimumVisualStudioVersion = 10.0.40219.1
Project("{FAE04EC0-301F-11D3-BF4B-00C04F79EFBC}") = "SokingTreasure.OsSys.DAL", "SokingTreasure.OsSys.DAL\SokingTreasure.OsSys.DAL.csproj", "{D3B84101-DDCE-4D86-83A9-95D3A88CE99F}"
EndProject
Project("{FAE04EC0-301F-11D3-BF4B-00C04F79EFBC}") = "SokingTreasure.OsSys.BLL", "SokingTreasure.OsSys.BLL\SokingTreasure.OsSys.BLL.csproj", "{1AE0B277-C9D5-4B75-885C-385C6345897B}"
EndProject
Project("{FAE04EC0-301F-11D3-BF4B-00C04F79EFBC}") = "SokingTreasure.OsSys", "SokingTreasure.OsSys\SokingTreasure.OsSys.csproj", "{E784CBCB-0A5F-4E2F-A3E3-251A4336577B}"
EndProject
Project("{FAE04EC0-301F-11D3-BF4B-00C04F79EFBC}") = "SokingTreasure.OsSys.Models", "SokingTreasure.OsSys.Models\SokingTreasure.OsSys.Models.csproj", "{86F560F7-F08D-43E4-BD62-C9E5054462E9}"
EndProject
Global
	GlobalSection(SolutionConfigurationPlatforms) = preSolution
		Debug|Any CPU = Debug|Any CPU
		Release|Any CPU = Release|Any CPU
	EndGlobalSection
	GlobalSection(ProjectConfigurationPlatforms) = postSolution
		{D3B84101-DDCE-4D86-83A9-95D3A88CE99F}.Debug|Any CPU.ActiveCfg = Debug|Any CPU
		{D3B84101-DDCE-4D86-83A9-95D3A88CE99F}.Debug|Any CPU.Build.0 = Debug|Any CPU
		{D3B84101-DDCE-4D86-83A9-95D3A88CE99F}.Release|Any CPU.ActiveCfg = Release|Any CPU
		{D3B84101-DDCE-4D86-83A9-95D3A88CE99F}.Release|Any CPU.Build.0 = Release|Any CPU
		{1AE0B277-C9D5-4B75-885C-385C6345897B}.Debug|Any CPU.ActiveCfg = Debug|Any CPU
		{1AE0B277-C9D5-4B75-885C-385C6345897B}.Debug|Any CPU.Build.0 = Debug|Any CPU
		{1AE0B277-C9D5-4B75-885C-385C6345897B}.Release|Any CPU.ActiveCfg = Release|Any CPU
		{1AE0B277-C9D5-4B75-885C-385C6345897B}.Release|Any CPU.Build.0 = Release|Any CPU
		{E784CBCB-0A5F-4E2F-A3E3-251A4336577B}.Debug|Any CPU.ActiveCfg = Debug|Any CPU
		{E784CBCB-0A5F-4E2F-A3E3-251A4336577B}.Debug|Any CPU.Build.0 = Debug|Any CPU
		{E784CBCB-0A5F-4E2F-A3E3-251A4336577B}.Release|Any CPU.ActiveCfg = Release|Any CPU
		{E784CBCB-0A5F-4E2F-A3E3-251A4336577B}.Release|Any CPU.Build.0 = Release|Any CPU
		{86F560F7-F08D-43E4-BD62-C9E5054462E9}.Debug|Any CPU.ActiveCfg = Debug|Any CPU
		{86F560F7-F08D-43E4-BD62-C9E5054462E9}.Debug|Any CPU.Build.0 = Debug|Any CPU
		{86F560F7-F08D-43E4-BD62-C9E5054462E9}.Release|Any CPU.ActiveCfg = Release|Any CPU
		{86F560F7-F08D-43E4-BD62-C9E5054462E9}.Release|Any CPU.Build.0 = Release|Any CPU
	EndGlobalSection
	GlobalSection(SolutionProperties) = preSolution
		HideSolutionNode = FALSE
	EndGlobalSection
	GlobalSection(ExtensibilityGlobals) = postSolution
		SolutionGuid = {C1392C44-4D6B-4692-980E-133E06C71B2D}
	EndGlobalSection
EndGlobal
